
Microsoft Visual Studio Solution File, Format Version 12.00
# Visual Studio 14
VisualStudioVersion = 14.0.25123.0
MinimumVisualStudioVersion = 10.0.40219.1
Project("{FAE04EC0-301F-11D3-BF4B-00C04F79EFBC}") = "TaxDedutions.Droid", "TaxDedutions\TaxDedutions.Droid\TaxDedutions.Droid.csproj", "{AD57D09B-EC33-4C72-84EB-3D8C8876EC96}"
EndProject
Project("{FAE04EC0-301F-11D3-BF4B-00C04F79EFBC}") = "TaxDedutions.iOS", "TaxDedutions\TaxDedutions.iOS\TaxDedutions.iOS.csproj", "{1AD80807-1028-450D-81DD-4A3174537976}"
EndProject
Project("{FAE04EC0-301F-11D3-BF4B-00C04F79EFBC}") = "TaxDedutions.WinPhone", "TaxDedutions\TaxDedutions.WinPhone\TaxDedutions.WinPhone.csproj", "{38A6A255-6BDF-4A0F-92BC-4B8B284A449B}"
EndProject
Project("{FAE04EC0-301F-11D3-BF4B-00C04F79EFBC}") = "TaxDedutions.Windows", "TaxDedutions\TaxDedutions.Windows\TaxDedutions.Windows.csproj", "{D21E29EE-A881-400C-8D07-4C99A1369A64}"
EndProject
Project("{FAE04EC0-301F-11D3-BF4B-00C04F79EFBC}") = "TaxDedutions", "TaxDedutions\TaxDedutions\TaxDedutions.csproj", "{AD0B2929-555F-4ADE-91DE-751B516F5EAE}"
EndProject
Global
	GlobalSection(SolutionConfigurationPlatforms) = preSolution
		Ad-Hoc|Any CPU = Ad-Hoc|Any CPU
		Ad-Hoc|ARM = Ad-Hoc|ARM
		Ad-Hoc|iPhone = Ad-Hoc|iPhone
		Ad-Hoc|iPhoneSimulator = Ad-Hoc|iPhoneSimulator
		Ad-Hoc|x64 = Ad-Hoc|x64
		Ad-Hoc|x86 = Ad-Hoc|x86
		AppStore|Any CPU = AppStore|Any CPU
		AppStore|ARM = AppStore|ARM
		AppStore|iPhone = AppStore|iPhone
		AppStore|iPhoneSimulator = AppStore|iPhoneSimulator
		AppStore|x64 = AppStore|x64
		AppStore|x86 = AppStore|x86
		Debug|Any CPU = Debug|Any CPU
		Debug|ARM = Debug|ARM
		Debug|iPhone = Debug|iPhone
		Debug|iPhoneSimulator = Debug|iPhoneSimulator
		Debug|x64 = Debug|x64
		Debug|x86 = Debug|x86
		Release|Any CPU = Release|Any CPU
		Release|ARM = Release|ARM
		Release|iPhone = Release|iPhone
		Release|iPhoneSimulator = Release|iPhoneSimulator
		Release|x64 = Release|x64
		Release|x86 = Release|x86
	EndGlobalSection
	GlobalSection(ProjectConfigurationPlatforms) = postSolution
		{AD57D09B-EC33-4C72-84EB-3D8C8876EC96}.Ad-Hoc|Any CPU.ActiveCfg = Release|Any CPU
		{AD57D09B-EC33-4C72-84EB-3D8C8876EC96}.Ad-Hoc|Any CPU.Build.0 = Release|Any CPU
		{AD57D09B-EC33-4C72-84EB-3D8C8876EC96}.Ad-Hoc|Any CPU.Deploy.0 = Release|Any CPU
		{AD57D09B-EC33-4C72-84EB-3D8C8876EC96}.Ad-Hoc|ARM.ActiveCfg = Release|Any CPU
		{AD57D09B-EC33-4C72-84EB-3D8C8876EC96}.Ad-Hoc|ARM.Build.0 = Release|Any CPU
		{AD57D09B-EC33-4C72-84EB-3D8C8876EC96}.Ad-Hoc|ARM.Deploy.0 = Release|Any CPU
		{AD57D09B-EC33-4C72-84EB-3D8C8876EC96}.Ad-Hoc|iPhone.ActiveCfg = Release|Any CPU
		{AD57D09B-EC33-4C72-84EB-3D8C8876EC96}.Ad-Hoc|iPhone.Build.0 = Release|Any CPU
		{AD57D09B-EC33-4C72-84EB-3D8C8876EC96}.Ad-Hoc|iPhone.Deploy.0 = Release|Any CPU
		{AD57D09B-EC33-4C72-84EB-3D8C8876EC96}.Ad-Hoc|iPhoneSimulator.ActiveCfg = Release|Any CPU
		{AD57D09B-EC33-4C72-84EB-3D8C8876EC96}.Ad-Hoc|iPhoneSimulator.Build.0 = Release|Any CPU
		{AD57D09B-EC33-4C72-84EB-3D8C8876EC96}.Ad-Hoc|iPhoneSimulator.Deploy.0 = Release|Any CPU
		{AD57D09B-EC33-4C72-84EB-3D8C8876EC96}.Ad-Hoc|x64.ActiveCfg = Release|Any CPU
		{AD57D09B-EC33-4C72-84EB-3D8C8876EC96}.Ad-Hoc|x64.Build.0 = Release|Any CPU
		{AD57D09B-EC33-4C72-84EB-3D8C8876EC96}.Ad-Hoc|x64.Deploy.0 = Release|Any CPU
		{AD57D09B-EC33-4C72-84EB-3D8C8876EC96}.Ad-Hoc|x86.ActiveCfg = Release|Any CPU
		{AD57D09B-EC33-4C72-84EB-3D8C8876EC96}.Ad-Hoc|x86.Build.0 = Release|Any CPU
		{AD57D09B-EC33-4C72-84EB-3D8C8876EC96}.Ad-Hoc|x86.Deploy.0 = Release|Any CPU
		{AD57D09B-EC33-4C72-84EB-3D8C8876EC96}.AppStore|Any CPU.ActiveCfg = Release|Any CPU
		{AD57D09B-EC33-4C72-84EB-3D8C8876EC96}.AppStore|Any CPU.Build.0 = Release|Any CPU
		{AD57D09B-EC33-4C72-84EB-3D8C8876EC96}.AppStore|Any CPU.Deploy.0 = Release|Any CPU
		{AD57D09B-EC33-4C72-84EB-3D8C8876EC96}.AppStore|ARM.ActiveCfg = Release|Any CPU
		{AD57D09B-EC33-4C72-84EB-3D8C8876EC96}.AppStore|ARM.Build.0 = Release|Any CPU
		{AD57D09B-EC33-4C72-84EB-3D8C8876EC96}.AppStore|ARM.Deploy.0 = Release|Any CPU
		{AD57D09B-EC33-4C72-84EB-3D8C8876EC96}.AppStore|iPhone.ActiveCfg = Release|Any CPU
		{AD57D09B-EC33-4C72-84EB-3D8C8876EC96}.AppStore|iPhone.Build.0 = Release|Any CPU
		{AD57D09B-EC33-4C72-84EB-3D8C8876EC96}.AppStore|iPhone.Deploy.0 = Release|Any CPU
		{AD57D09B-EC33-4C72-84EB-3D8C8876EC96}.AppStore|iPhoneSimulator.ActiveCfg = Release|Any CPU
		{AD57D09B-EC33-4C72-84EB-3D8C8876EC96}.AppStore|iPhoneSimulator.Build.0 = Release|Any CPU
		{AD57D09B-EC33-4C72-84EB-3D8C8876EC96}.AppStore|iPhoneSimulator.Deploy.0 = Release|Any CPU
		{AD57D09B-EC33-4C72-84EB-3D8C8876EC96}.AppStore|x64.ActiveCfg = Release|Any CPU
		{AD57D09B-EC33-4C72-84EB-3D8C8876EC96}.AppStore|x64.Build.0 = Release|Any CPU
		{AD57D09B-EC33-4C72-84EB-3D8C8876EC96}.AppStore|x64.Deploy.0 = Release|Any CPU
		{AD57D09B-EC33-4C72-84EB-3D8C8876EC96}.AppStore|x86.ActiveCfg = Release|Any CPU
		{AD57D09B-EC33-4C72-84EB-3D8C8876EC96}.AppStore|x86.Build.0 = Release|Any CPU
		{AD57D09B-EC33-4C72-84EB-3D8C8876EC96}.AppStore|x86.Deploy.0 = Release|Any CPU
		{AD57D09B-EC33-4C72-84EB-3D8C8876EC96}.Debug|Any CPU.ActiveCfg = Debug|Any CPU
		{AD57D09B-EC33-4C72-84EB-3D8C8876EC96}.Debug|Any CPU.Build.0 = Debug|Any CPU
		{AD57D09B-EC33-4C72-84EB-3D8C8876EC96}.Debug|Any CPU.Deploy.0 = Debug|Any CPU
		{AD57D09B-EC33-4C72-84EB-3D8C8876EC96}.Debug|ARM.ActiveCfg = Debug|Any CPU
		{AD57D09B-EC33-4C72-84EB-3D8C8876EC96}.Debug|ARM.Build.0 = Debug|Any CPU
		{AD57D09B-EC33-4C72-84EB-3D8C8876EC96}.Debug|ARM.Deploy.0 = Debug|Any CPU
		{AD57D09B-EC33-4C72-84EB-3D8C8876EC96}.Debug|iPhone.ActiveCfg = Debug|Any CPU
		{AD57D09B-EC33-4C72-84EB-3D8C8876EC96}.Debug|iPhone.Build.0 = Debug|Any CPU
		{AD57D09B-EC33-4C72-84EB-3D8C8876EC96}.Debug|iPhone.Deploy.0 = Debug|Any CPU
		{AD57D09B-EC33-4C72-84EB-3D8C8876EC96}.Debug|iPhoneSimulator.ActiveCfg = Debug|Any CPU
		{AD57D09B-EC33-4C72-84EB-3D8C8876EC96}.Debug|iPhoneSimulator.Build.0 = Debug|Any CPU
		{AD57D09B-EC33-4C72-84EB-3D8C8876EC96}.Debug|iPhoneSimulator.Deploy.0 = Debug|Any CPU
		{AD57D09B-EC33-4C72-84EB-3D8C8876EC96}.Debug|x64.ActiveCfg = Debug|Any CPU
		{AD57D09B-EC33-4C72-84EB-3D8C8876EC96}.Debug|x64.Build.0 = Debug|Any CPU
		{AD57D09B-EC33-4C72-84EB-3D8C8876EC96}.Debug|x64.Deploy.0 = Debug|Any CPU
		{AD57D09B-EC33-4C72-84EB-3D8C8876EC96}.Debug|x86.ActiveCfg = Debug|Any CPU
		{AD57D09B-EC33-4C72-84EB-3D8C8876EC96}.Debug|x86.Build.0 = Debug|Any CPU
		{AD57D09B-EC33-4C72-84EB-3D8C8876EC96}.Debug|x86.Deploy.0 = Debug|Any CPU
		{AD57D09B-EC33-4C72-84EB-3D8C8876EC96}.Release|Any CPU.ActiveCfg = Release|Any CPU
		{AD57D09B-EC33-4C72-84EB-3D8C8876EC96}.Release|Any CPU.Build.0 = Release|Any CPU
		{AD57D09B-EC33-4C72-84EB-3D8C8876EC96}.Release|Any CPU.Deploy.0 = Release|Any CPU
		{AD57D09B-EC33-4C72-84EB-3D8C8876EC96}.Release|ARM.ActiveCfg = Release|Any CPU
		{AD57D09B-EC33-4C72-84EB-3D8C8876EC96}.Release|ARM.Build.0 = Release|Any CPU
		{AD57D09B-EC33-4C72-84EB-3D8C8876EC96}.Release|ARM.Deploy.0 = Release|Any CPU
		{AD57D09B-EC33-4C72-84EB-3D8C8876EC96}.Release|iPhone.ActiveCfg = Release|Any CPU
		{AD57D09B-EC33-4C72-84EB-3D8C8876EC96}.Release|iPhone.Build.0 = Release|Any CPU
		{AD57D09B-EC33-4C72-84EB-3D8C8876EC96}.Release|iPhone.Deploy.0 = Release|Any CPU
		{AD57D09B-EC33-4C72-84EB-3D8C8876EC96}.Release|iPhoneSimulator.ActiveCfg = Release|Any CPU
		{AD57D09B-EC33-4C72-84EB-3D8C8876EC96}.Release|iPhoneSimulator.Build.0 = Release|Any CPU
		{AD57D09B-EC33-4C72-84EB-3D8C8876EC96}.Release|iPhoneSimulator.Deploy.0 = Release|Any CPU
		{AD57D09B-EC33-4C72-84EB-3D8C8876EC96}.Release|x64.ActiveCfg = Release|Any CPU
		{AD57D09B-EC33-4C72-84EB-3D8C8876EC96}.Release|x64.Build.0 = Release|Any CPU
		{AD57D09B-EC33-4C72-84EB-3D8C8876EC96}.Release|x64.Deploy.0 = Release|Any CPU
		{AD57D09B-EC33-4C72-84EB-3D8C8876EC96}.Release|x86.ActiveCfg = Release|Any CPU
		{AD57D09B-EC33-4C72-84EB-3D8C8876EC96}.Release|x86.Build.0 = Release|Any CPU
		{AD57D09B-EC33-4C72-84EB-3D8C8876EC96}.Release|x86.Deploy.0 = Release|Any CPU
		{1AD80807-1028-450D-81DD-4A3174537976}.Ad-Hoc|Any CPU.ActiveCfg = Ad-Hoc|iPhone
		{1AD80807-1028-450D-81DD-4A3174537976}.Ad-Hoc|ARM.ActiveCfg = Ad-Hoc|iPhone
		{1AD80807-1028-450D-81DD-4A3174537976}.Ad-Hoc|iPhone.ActiveCfg = Ad-Hoc|iPhone
		{1AD80807-1028-450D-81DD-4A3174537976}.Ad-Hoc|iPhone.Build.0 = Ad-Hoc|iPhone
		{1AD80807-1028-450D-81DD-4A3174537976}.Ad-Hoc|iPhoneSimulator.ActiveCfg = Ad-Hoc|iPhoneSimulator
		{1AD80807-1028-450D-81DD-4A3174537976}.Ad-Hoc|iPhoneSimulator.Build.0 = Ad-Hoc|iPhoneSimulator
		{1AD80807-1028-450D-81DD-4A3174537976}.Ad-Hoc|x64.ActiveCfg = Ad-Hoc|iPhone
		{1AD80807-1028-450D-81DD-4A3174537976}.Ad-Hoc|x86.ActiveCfg = Ad-Hoc|iPhone
		{1AD80807-1028-450D-81DD-4A3174537976}.AppStore|Any CPU.ActiveCfg = AppStore|iPhone
		{1AD80807-1028-450D-81DD-4A3174537976}.AppStore|ARM.ActiveCfg = AppStore|iPhone
		{1AD80807-1028-450D-81DD-4A3174537976}.AppStore|iPhone.ActiveCfg = AppStore|iPhone
		{1AD80807-1028-450D-81DD-4A3174537976}.AppStore|iPhone.Build.0 = AppStore|iPhone
		{1AD80807-1028-450D-81DD-4A3174537976}.AppStore|iPhoneSimulator.ActiveCfg = AppStore|iPhoneSimulator
		{1AD80807-1028-450D-81DD-4A3174537976}.AppStore|iPhoneSimulator.Build.0 = AppStore|iPhoneSimulator
		{1AD80807-1028-450D-81DD-4A3174537976}.AppStore|x64.ActiveCfg = AppStore|iPhone
		{1AD80807-1028-450D-81DD-4A3174537976}.AppStore|x86.ActiveCfg = AppStore|iPhone
		{1AD80807-1028-450D-81DD-4A3174537976}.Debug|Any CPU.ActiveCfg = Debug|iPhone
		{1AD80807-1028-450D-81DD-4A3174537976}.Debug|ARM.ActiveCfg = Debug|iPhone
		{1AD80807-1028-450D-81DD-4A3174537976}.Debug|iPhone.ActiveCfg = Debug|iPhone
		{1AD80807-1028-450D-81DD-4A3174537976}.Debug|iPhone.Build.0 = Debug|iPhone
		{1AD80807-1028-450D-81DD-4A3174537976}.Debug|iPhoneSimulator.ActiveCfg = Debug|iPhoneSimulator
		{1AD80807-1028-450D-81DD-4A3174537976}.Debug|iPhoneSimulator.Build.0 = Debug|iPhoneSimulator
		{1AD80807-1028-450D-81DD-4A3174537976}.Debug|x64.ActiveCfg = Debug|iPhone
		{1AD80807-1028-450D-81DD-4A3174537976}.Debug|x86.ActiveCfg = Debug|iPhone
		{1AD80807-1028-450D-81DD-4A3174537976}.Release|Any CPU.ActiveCfg = Release|iPhone
		{1AD80807-1028-450D-81DD-4A3174537976}.Release|ARM.ActiveCfg = Release|iPhone
		{1AD80807-1028-450D-81DD-4A3174537976}.Release|iPhone.ActiveCfg = Release|iPhone
		{1AD80807-1028-450D-81DD-4A3174537976}.Release|iPhone.Build.0 = Release|iPhone
		{1AD80807-1028-450D-81DD-4A3174537976}.Release|iPhoneSimulator.ActiveCfg = Release|iPhoneSimulator
		{1AD80807-1028-450D-81DD-4A3174537976}.Release|iPhoneSimulator.Build.0 = Release|iPhoneSimulator
		{1AD80807-1028-450D-81DD-4A3174537976}.Release|x64.ActiveCfg = Release|iPhone
		{1AD80807-1028-450D-81DD-4A3174537976}.Release|x86.ActiveCfg = Release|iPhone
		{38A6A255-6BDF-4A0F-92BC-4B8B284A449B}.Ad-Hoc|Any CPU.ActiveCfg = Release|Any CPU
		{38A6A255-6BDF-4A0F-92BC-4B8B284A449B}.Ad-Hoc|Any CPU.Build.0 = Release|Any CPU
		{38A6A255-6BDF-4A0F-92BC-4B8B284A449B}.Ad-Hoc|Any CPU.Deploy.0 = Release|Any CPU
		{38A6A255-6BDF-4A0F-92BC-4B8B284A449B}.Ad-Hoc|ARM.ActiveCfg = Release|ARM
		{38A6A255-6BDF-4A0F-92BC-4B8B284A449B}.Ad-Hoc|ARM.Build.0 = Release|ARM
		{38A6A255-6BDF-4A0F-92BC-4B8B284A449B}.Ad-Hoc|ARM.Deploy.0 = Release|ARM
		{38A6A255-6BDF-4A0F-92BC-4B8B284A449B}.Ad-Hoc|iPhone.ActiveCfg = Release|Any CPU
		{38A6A255-6BDF-4A0F-92BC-4B8B284A449B}.Ad-Hoc|iPhone.Build.0 = Release|Any CPU
		{38A6A255-6BDF-4A0F-92BC-4B8B284A449B}.Ad-Hoc|iPhone.Deploy.0 = Release|Any CPU
		{38A6A255-6BDF-4A0F-92BC-4B8B284A449B}.Ad-Hoc|iPhoneSimulator.ActiveCfg = Release|Any CPU
		{38A6A255-6BDF-4A0F-92BC-4B8B284A449B}.Ad-Hoc|iPhoneSimulator.Build.0 = Release|Any CPU
		{38A6A255-6BDF-4A0F-92BC-4B8B284A449B}.Ad-Hoc|iPhoneSimulator.Deploy.0 = Release|Any CPU
		{38A6A255-6BDF-4A0F-92BC-4B8B284A449B}.Ad-Hoc|x64.ActiveCfg = Release|Any CPU
		{38A6A255-6BDF-4A0F-92BC-4B8B284A449B}.Ad-Hoc|x64.Build.0 = Release|Any CPU
		{38A6A255-6BDF-4A0F-92BC-4B8B284A449B}.Ad-Hoc|x64.Deploy.0 = Release|Any CPU
		{38A6A255-6BDF-4A0F-92BC-4B8B284A449B}.Ad-Hoc|x86.ActiveCfg = Release|x86
		{38A6A255-6BDF-4A0F-92BC-4B8B284A449B}.Ad-Hoc|x86.Build.0 = Release|x86
		{38A6A255-6BDF-4A0F-92BC-4B8B284A449B}.Ad-Hoc|x86.Deploy.0 = Release|x86
		{38A6A255-6BDF-4A0F-92BC-4B8B284A449B}.AppStore|Any CPU.ActiveCfg = Release|Any CPU
		{38A6A255-6BDF-4A0F-92BC-4B8B284A449B}.AppStore|Any CPU.Build.0 = Release|Any CPU
		{38A6A255-6BDF-4A0F-92BC-4B8B284A449B}.AppStore|Any CPU.Deploy.0 = Release|Any CPU
		{38A6A255-6BDF-4A0F-92BC-4B8B284A449B}.AppStore|ARM.ActiveCfg = Release|ARM
		{38A6A255-6BDF-4A0F-92BC-4B8B284A449B}.AppStore|ARM.Build.0 = Release|ARM
		{38A6A255-6BDF-4A0F-92BC-4B8B284A449B}.AppStore|ARM.Deploy.0 = Release|ARM
		{38A6A255-6BDF-4A0F-92BC-4B8B284A449B}.AppStore|iPhone.ActiveCfg = Release|Any CPU
		{38A6A255-6BDF-4A0F-92BC-4B8B284A449B}.AppStore|iPhone.Build.0 = Release|Any CPU
		{38A6A255-6BDF-4A0F-92BC-4B8B284A449B}.AppStore|iPhone.Deploy.0 = Release|Any CPU
		{38A6A255-6BDF-4A0F-92BC-4B8B284A449B}.AppStore|iPhoneSimulator.ActiveCfg = Release|Any CPU
		{38A6A255-6BDF-4A0F-92BC-4B8B284A449B}.AppStore|iPhoneSimulator.Build.0 = Release|Any CPU
		{38A6A255-6BDF-4A0F-92BC-4B8B284A449B}.AppStore|iPhoneSimulator.Deploy.0 = Release|Any CPU
		{38A6A255-6BDF-4A0F-92BC-4B8B284A449B}.AppStore|x64.ActiveCfg = Release|Any CPU
		{38A6A255-6BDF-4A0F-92BC-4B8B284A449B}.AppStore|x64.Build.0 = Release|Any CPU
		{38A6A255-6BDF-4A0F-92BC-4B8B284A449B}.AppStore|x64.Deploy.0 = Release|Any CPU
		{38A6A255-6BDF-4A0F-92BC-4B8B284A449B}.AppStore|x86.ActiveCfg = Release|x86
		{38A6A255-6BDF-4A0F-92BC-4B8B284A449B}.AppStore|x86.Build.0 = Release|x86
		{38A6A255-6BDF-4A0F-92BC-4B8B284A449B}.AppStore|x86.Deploy.0 = Release|x86
		{38A6A255-6BDF-4A0F-92BC-4B8B284A449B}.Debug|Any CPU.ActiveCfg = Debug|Any CPU
		{38A6A255-6BDF-4A0F-92BC-4B8B284A449B}.Debug|Any CPU.Build.0 = Debug|Any CPU
		{38A6A255-6BDF-4A0F-92BC-4B8B284A449B}.Debug|Any CPU.Deploy.0 = Debug|Any CPU
		{38A6A255-6BDF-4A0F-92BC-4B8B284A449B}.Debug|ARM.ActiveCfg = Debug|ARM
		{38A6A255-6BDF-4A0F-92BC-4B8B284A449B}.Debug|ARM.Build.0 = Debug|ARM
		{38A6A255-6BDF-4A0F-92BC-4B8B284A449B}.Debug|ARM.Deploy.0 = Debug|ARM
		{38A6A255-6BDF-4A0F-92BC-4B8B284A449B}.Debug|iPhone.ActiveCfg = Debug|Any CPU
		{38A6A255-6BDF-4A0F-92BC-4B8B284A449B}.Debug|iPhone.Build.0 = Debug|Any CPU
		{38A6A255-6BDF-4A0F-92BC-4B8B284A449B}.Debug|iPhone.Deploy.0 = Debug|Any CPU
		{38A6A255-6BDF-4A0F-92BC-4B8B284A449B}.Debug|iPhoneSimulator.ActiveCfg = Debug|Any CPU
		{38A6A255-6BDF-4A0F-92BC-4B8B284A449B}.Debug|iPhoneSimulator.Build.0 = Debug|Any CPU
		{38A6A255-6BDF-4A0F-92BC-4B8B284A449B}.Debug|iPhoneSimulator.Deploy.0 = Debug|Any CPU
		{38A6A255-6BDF-4A0F-92BC-4B8B284A449B}.Debug|x64.ActiveCfg = Debug|Any CPU
		{38A6A255-6BDF-4A0F-92BC-4B8B284A449B}.Debug|x64.Build.0 = Debug|Any CPU
		{38A6A255-6BDF-4A0F-92BC-4B8B284A449B}.Debug|x64.Deploy.0 = Debug|Any CPU
		{38A6A255-6BDF-4A0F-92BC-4B8B284A449B}.Debug|x86.ActiveCfg = Debug|x86
		{38A6A255-6BDF-4A0F-92BC-4B8B284A449B}.Debug|x86.Build.0 = Debug|x86
		{38A6A255-6BDF-4A0F-92BC-4B8B284A449B}.Debug|x86.Deploy.0 = Debug|x86
		{38A6A255-6BDF-4A0F-92BC-4B8B284A449B}.Release|Any CPU.ActiveCfg = Release|Any CPU
		{38A6A255-6BDF-4A0F-92BC-4B8B284A449B}.Release|Any CPU.Build.0 = Release|Any CPU
		{38A6A255-6BDF-4A0F-92BC-4B8B284A449B}.Release|Any CPU.Deploy.0 = Release|Any CPU
		{38A6A255-6BDF-4A0F-92BC-4B8B284A449B}.Release|ARM.ActiveCfg = Release|ARM
		{38A6A255-6BDF-4A0F-92BC-4B8B284A449B}.Release|ARM.Build.0 = Release|ARM
		{38A6A255-6BDF-4A0F-92BC-4B8B284A449B}.Release|ARM.Deploy.0 = Release|ARM
		{38A6A255-6BDF-4A0F-92BC-4B8B284A449B}.Release|iPhone.ActiveCfg = Release|Any CPU
		{38A6A255-6BDF-4A0F-92BC-4B8B284A449B}.Release|iPhone.Build.0 = Release|Any CPU
		{38A6A255-6BDF-4A0F-92BC-4B8B284A449B}.Release|iPhone.Deploy.0 = Release|Any CPU
		{38A6A255-6BDF-4A0F-92BC-4B8B284A449B}.Release|iPhoneSimulator.ActiveCfg = Release|Any CPU
		{38A6A255-6BDF-4A0F-92BC-4B8B284A449B}.Release|iPhoneSimulator.Build.0 = Release|Any CPU
		{38A6A255-6BDF-4A0F-92BC-4B8B284A449B}.Release|iPhoneSimulator.Deploy.0 = Release|Any CPU
		{38A6A255-6BDF-4A0F-92BC-4B8B284A449B}.Release|x64.ActiveCfg = Release|Any CPU
		{38A6A255-6BDF-4A0F-92BC-4B8B284A449B}.Release|x64.Build.0 = Release|Any CPU
		{38A6A255-6BDF-4A0F-92BC-4B8B284A449B}.Release|x64.Deploy.0 = Release|Any CPU
		{38A6A255-6BDF-4A0F-92BC-4B8B284A449B}.Release|x86.ActiveCfg = Release|x86
		{38A6A255-6BDF-4A0F-92BC-4B8B284A449B}.Release|x86.Build.0 = Release|x86
		{38A6A255-6BDF-4A0F-92BC-4B8B284A449B}.Release|x86.Deploy.0 = Release|x86
		{D21E29EE-A881-400C-8D07-4C99A1369A64}.Ad-Hoc|Any CPU.ActiveCfg = Release|Any CPU
		{D21E29EE-A881-400C-8D07-4C99A1369A64}.Ad-Hoc|Any CPU.Build.0 = Release|Any CPU
		{D21E29EE-A881-400C-8D07-4C99A1369A64}.Ad-Hoc|Any CPU.Deploy.0 = Release|Any CPU
		{D21E29EE-A881-400C-8D07-4C99A1369A64}.Ad-Hoc|ARM.ActiveCfg = Release|ARM
		{D21E29EE-A881-400C-8D07-4C99A1369A64}.Ad-Hoc|ARM.Build.0 = Release|ARM
		{D21E29EE-A881-400C-8D07-4C99A1369A64}.Ad-Hoc|ARM.Deploy.0 = Release|ARM
		{D21E29EE-A881-400C-8D07-4C99A1369A64}.Ad-Hoc|iPhone.ActiveCfg = Release|Any CPU
		{D21E29EE-A881-400C-8D07-4C99A1369A64}.Ad-Hoc|iPhone.Build.0 = Release|Any CPU
		{D21E29EE-A881-400C-8D07-4C99A1369A64}.Ad-Hoc|iPhone.Deploy.0 = Release|Any CPU
		{D21E29EE-A881-400C-8D07-4C99A1369A64}.Ad-Hoc|iPhoneSimulator.ActiveCfg = Release|Any CPU
		{D21E29EE-A881-400C-8D07-4C99A1369A64}.Ad-Hoc|iPhoneSimulator.Build.0 = Release|Any CPU
		{D21E29EE-A881-400C-8D07-4C99A1369A64}.Ad-Hoc|iPhoneSimulator.Deploy.0 = Release|Any CPU
		{D21E29EE-A881-400C-8D07-4C99A1369A64}.Ad-Hoc|x64.ActiveCfg = Release|x64
		{D21E29EE-A881-400C-8D07-4C99A1369A64}.Ad-Hoc|x64.Build.0 = Release|x64
		{D21E29EE-A881-400C-8D07-4C99A1369A64}.Ad-Hoc|x64.Deploy.0 = Release|x64
		{D21E29EE-A881-400C-8D07-4C99A1369A64}.Ad-Hoc|x86.ActiveCfg = Release|x86
		{D21E29EE-A881-400C-8D07-4C99A1369A64}.Ad-Hoc|x86.Build.0 = Release|x86
		{D21E29EE-A881-400C-8D07-4C99A1369A64}.Ad-Hoc|x86.Deploy.0 = Release|x86
		{D21E29EE-A881-400C-8D07-4C99A1369A64}.AppStore|Any CPU.ActiveCfg = Release|Any CPU
		{D21E29EE-A881-400C-8D07-4C99A1369A64}.AppStore|Any CPU.Build.0 = Release|Any CPU
		{D21E29EE-A881-400C-8D07-4C99A1369A64}.AppStore|Any CPU.Deploy.0 = Release|Any CPU
		{D21E29EE-A881-400C-8D07-4C99A1369A64}.AppStore|ARM.ActiveCfg = Release|ARM
		{D21E29EE-A881-400C-8D07-4C99A1369A64}.AppStore|ARM.Build.0 = Release|ARM
		{D21E29EE-A881-400C-8D07-4C99A1369A64}.AppStore|ARM.Deploy.0 = Release|ARM
		{D21E29EE-A881-400C-8D07-4C99A1369A64}.AppStore|iPhone.ActiveCfg = Release|Any CPU
		{D21E29EE-A881-400C-8D07-4C99A1369A64}.AppStore|iPhone.Build.0 = Release|Any CPU
		{D21E29EE-A881-400C-8D07-4C99A1369A64}.AppStore|iPhone.Deploy.0 = Release|Any CPU
		{D21E29EE-A881-400C-8D07-4C99A1369A64}.AppStore|iPhoneSimulator.ActiveCfg = Release|Any CPU
		{D21E29EE-A881-400C-8D07-4C99A1369A64}.AppStore|iPhoneSimulator.Build.0 = Release|Any CPU
		{D21E29EE-A881-400C-8D07-4C99A1369A64}.AppStore|iPhoneSimulator.Deploy.0 = Release|Any CPU
		{D21E29EE-A881-400C-8D07-4C99A1369A64}.AppStore|x64.ActiveCfg = Release|x64
		{D21E29EE-A881-400C-8D07-4C99A1369A64}.AppStore|x64.Build.0 = Release|x64
		{D21E29EE-A881-400C-8D07-4C99A1369A64}.AppStore|x64.Deploy.0 = Release|x64
		{D21E29EE-A881-400C-8D07-4C99A1369A64}.AppStore|x86.ActiveCfg = Release|x86
		{D21E29EE-A881-400C-8D07-4C99A1369A64}.AppStore|x86.Build.0 = Release|x86
		{D21E29EE-A881-400C-8D07-4C99A1369A64}.AppStore|x86.Deploy.0 = Release|x86
		{D21E29EE-A881-400C-8D07-4C99A1369A64}.Debug|Any CPU.ActiveCfg = Debug|Any CPU
		{D21E29EE-A881-400C-8D07-4C99A1369A64}.Debug|Any CPU.Build.0 = Debug|Any CPU
		{D21E29EE-A881-400C-8D07-4C99A1369A64}.Debug|Any CPU.Deploy.0 = Debug|Any CPU
		{D21E29EE-A881-400C-8D07-4C99A1369A64}.Debug|ARM.ActiveCfg = Debug|ARM
		{D21E29EE-A881-400C-8D07-4C99A1369A64}.Debug|ARM.Build.0 = Debug|ARM
		{D21E29EE-A881-400C-8D07-4C99A1369A64}.Debug|ARM.Deploy.0 = Debug|ARM
		{D21E29EE-A881-400C-8D07-4C99A1369A64}.Debug|iPhone.ActiveCfg = Debug|Any CPU
		{D21E29EE-A881-400C-8D07-4C99A1369A64}.Debug|iPhone.Build.0 = Debug|Any CPU
		{D21E29EE-A881-400C-8D07-4C99A1369A64}.Debug|iPhone.Deploy.0 = Debug|Any CPU
		{D21E29EE-A881-400C-8D07-4C99A1369A64}.Debug|iPhoneSimulator.ActiveCfg = Debug|Any CPU
		{D21E29EE-A881-400C-8D07-4C99A1369A64}.Debug|iPhoneSimulator.Build.0 = Debug|Any CPU
		{D21E29EE-A881-400C-8D07-4C99A1369A64}.Debug|iPhoneSimulator.Deploy.0 = Debug|Any CPU
		{D21E29EE-A881-400C-8D07-4C99A1369A64}.Debug|x64.ActiveCfg = Debug|x64
		{D21E29EE-A881-400C-8D07-4C99A1369A64}.Debug|x64.Build.0 = Debug|x64
		{D21E29EE-A881-400C-8D07-4C99A1369A64}.Debug|x64.Deploy.0 = Debug|x64
		{D21E29EE-A881-400C-8D07-4C99A1369A64}.Debug|x86.ActiveCfg = Debug|x86
		{D21E29EE-A881-400C-8D07-4C99A1369A64}.Debug|x86.Build.0 = Debug|x86
		{D21E29EE-A881-400C-8D07-4C99A1369A64}.Debug|x86.Deploy.0 = Debug|x86
		{D21E29EE-A881-400C-8D07-4C99A1369A64}.Release|Any CPU.ActiveCfg = Release|Any CPU
		{D21E29EE-A881-400C-8D07-4C99A1369A64}.Release|Any CPU.Build.0 = Release|Any CPU
		{D21E29EE-A881-400C-8D07-4C99A1369A64}.Release|Any CPU.Deploy.0 = Release|Any CPU
		{D21E29EE-A881-400C-8D07-4C99A1369A64}.Release|ARM.ActiveCfg = Release|ARM
		{D21E29EE-A881-400C-8D07-4C99A1369A64}.Release|ARM.Build.0 = Release|ARM
		{D21E29EE-A881-400C-8D07-4C99A1369A64}.Release|ARM.Deploy.0 = Release|ARM
		{D21E29EE-A881-400C-8D07-4C99A1369A64}.Release|iPhone.ActiveCfg = Release|Any CPU
		{D21E29EE-A881-400C-8D07-4C99A1369A64}.Release|iPhone.Build.0 = Release|Any CPU
		{D21E29EE-A881-400C-8D07-4C99A1369A64}.Release|iPhone.Deploy.0 = Release|Any CPU
		{D21E29EE-A881-400C-8D07-4C99A1369A64}.Release|iPhoneSimulator.ActiveCfg = Release|Any CPU
		{D21E29EE-A881-400C-8D07-4C99A1369A64}.Release|iPhoneSimulator.Build.0 = Release|Any CPU
		{D21E29EE-A881-400C-8D07-4C99A1369A64}.Release|iPhoneSimulator.Deploy.0 = Release|Any CPU
		{D21E29EE-A881-400C-8D07-4C99A1369A64}.Release|x64.ActiveCfg = Release|x64
		{D21E29EE-A881-400C-8D07-4C99A1369A64}.Release|x64.Build.0 = Release|x64
		{D21E29EE-A881-400C-8D07-4C99A1369A64}.Release|x64.Deploy.0 = Release|x64
		{D21E29EE-A881-400C-8D07-4C99A1369A64}.Release|x86.ActiveCfg = Release|x86
		{D21E29EE-A881-400C-8D07-4C99A1369A64}.Release|x86.Build.0 = Release|x86
		{D21E29EE-A881-400C-8D07-4C99A1369A64}.Release|x86.Deploy.0 = Release|x86
		{AD0B2929-555F-4ADE-91DE-751B516F5EAE}.Ad-Hoc|Any CPU.ActiveCfg = Release|Any CPU
		{AD0B2929-555F-4ADE-91DE-751B516F5EAE}.Ad-Hoc|Any CPU.Build.0 = Release|Any CPU
		{AD0B2929-555F-4ADE-91DE-751B516F5EAE}.Ad-Hoc|ARM.ActiveCfg = Release|Any CPU
		{AD0B2929-555F-4ADE-91DE-751B516F5EAE}.Ad-Hoc|ARM.Build.0 = Release|Any CPU
		{AD0B2929-555F-4ADE-91DE-751B516F5EAE}.Ad-Hoc|iPhone.ActiveCfg = Release|Any CPU
		{AD0B2929-555F-4ADE-91DE-751B516F5EAE}.Ad-Hoc|iPhone.Build.0 = Release|Any CPU
		{AD0B2929-555F-4ADE-91DE-751B516F5EAE}.Ad-Hoc|iPhoneSimulator.ActiveCfg = Release|Any CPU
		{AD0B2929-555F-4ADE-91DE-751B516F5EAE}.Ad-Hoc|iPhoneSimulator.Build.0 = Release|Any CPU
		{AD0B2929-555F-4ADE-91DE-751B516F5EAE}.Ad-Hoc|x64.ActiveCfg = Release|Any CPU
		{AD0B2929-555F-4ADE-91DE-751B516F5EAE}.Ad-Hoc|x64.Build.0 = Release|Any CPU
		{AD0B2929-555F-4ADE-91DE-751B516F5EAE}.Ad-Hoc|x86.ActiveCfg = Release|Any CPU
		{AD0B2929-555F-4ADE-91DE-751B516F5EAE}.Ad-Hoc|x86.Build.0 = Release|Any CPU
		{AD0B2929-555F-4ADE-91DE-751B516F5EAE}.AppStore|Any CPU.ActiveCfg = Release|Any CPU
		{AD0B2929-555F-4ADE-91DE-751B516F5EAE}.AppStore|Any CPU.Build.0 = Release|Any CPU
		{AD0B2929-555F-4ADE-91DE-751B516F5EAE}.AppStore|ARM.ActiveCfg = Release|Any CPU
		{AD0B2929-555F-4ADE-91DE-751B516F5EAE}.AppStore|ARM.Build.0 = Release|Any CPU
		{AD0B2929-555F-4ADE-91DE-751B516F5EAE}.AppStore|iPhone.ActiveCfg = Release|Any CPU
		{AD0B2929-555F-4ADE-91DE-751B516F5EAE}.AppStore|iPhone.Build.0 = Release|Any CPU
		{AD0B2929-555F-4ADE-91DE-751B516F5EAE}.AppStore|iPhoneSimulator.ActiveCfg = Release|Any CPU
		{AD0B2929-555F-4ADE-91DE-751B516F5EAE}.AppStore|iPhoneSimulator.Build.0 = Release|Any CPU
		{AD0B2929-555F-4ADE-91DE-751B516F5EAE}.AppStore|x64.ActiveCfg = Release|Any CPU
		{AD0B2929-555F-4ADE-91DE-751B516F5EAE}.AppStore|x64.Build.0 = Release|Any CPU
		{AD0B2929-555F-4ADE-91DE-751B516F5EAE}.AppStore|x86.ActiveCfg = Release|Any CPU
		{AD0B2929-555F-4ADE-91DE-751B516F5EAE}.AppStore|x86.Build.0 = Release|Any CPU
		{AD0B2929-555F-4ADE-91DE-751B516F5EAE}.Debug|Any CPU.ActiveCfg = Debug|Any CPU
		{AD0B2929-555F-4ADE-91DE-751B516F5EAE}.Debug|Any CPU.Build.0 = Debug|Any CPU
		{AD0B2929-555F-4ADE-91DE-751B516F5EAE}.Debug|ARM.ActiveCfg = Debug|Any CPU
		{AD0B2929-555F-4ADE-91DE-751B516F5EAE}.Debug|ARM.Build.0 = Debug|Any CPU
		{AD0B2929-555F-4ADE-91DE-751B516F5EAE}.Debug|iPhone.ActiveCfg = Debug|Any CPU
		{AD0B2929-555F-4ADE-91DE-751B516F5EAE}.Debug|iPhone.Build.0 = Debug|Any CPU
		{AD0B2929-555F-4ADE-91DE-751B516F5EAE}.Debug|iPhoneSimulator.ActiveCfg = Debug|Any CPU
		{AD0B2929-555F-4ADE-91DE-751B516F5EAE}.Debug|iPhoneSimulator.Build.0 = Debug|Any CPU
		{AD0B2929-555F-4ADE-91DE-751B516F5EAE}.Debug|x64.ActiveCfg = Debug|Any CPU
		{AD0B2929-555F-4ADE-91DE-751B516F5EAE}.Debug|x64.Build.0 = Debug|Any CPU
		{AD0B2929-555F-4ADE-91DE-751B516F5EAE}.Debug|x86.ActiveCfg = Debug|Any CPU
		{AD0B2929-555F-4ADE-91DE-751B516F5EAE}.Debug|x86.Build.0 = Debug|Any CPU
		{AD0B2929-555F-4ADE-91DE-751B516F5EAE}.Release|Any CPU.ActiveCfg = Release|Any CPU
		{AD0B2929-555F-4ADE-91DE-751B516F5EAE}.Release|Any CPU.Build.0 = Release|Any CPU
		{AD0B2929-555F-4ADE-91DE-751B516F5EAE}.Release|ARM.ActiveCfg = Release|Any CPU
		{AD0B2929-555F-4ADE-91DE-751B516F5EAE}.Release|ARM.Build.0 = Release|Any CPU
		{AD0B2929-555F-4ADE-91DE-751B516F5EAE}.Release|iPhone.ActiveCfg = Release|Any CPU
		{AD0B2929-555F-4ADE-91DE-751B516F5EAE}.Release|iPhone.Build.0 = Release|Any CPU
		{AD0B2929-555F-4ADE-91DE-751B516F5EAE}.Release|iPhoneSimulator.ActiveCfg = Release|Any CPU
		{AD0B2929-555F-4ADE-91DE-751B516F5EAE}.Release|iPhoneSimulator.Build.0 = Release|Any CPU
		{AD0B2929-555F-4ADE-91DE-751B516F5EAE}.Release|x64.ActiveCfg = Release|Any CPU
		{AD0B2929-555F-4ADE-91DE-751B516F5EAE}.Release|x64.Build.0 = Release|Any CPU
		{AD0B2929-555F-4ADE-91DE-751B516F5EAE}.Release|x86.ActiveCfg = Release|Any CPU
		{AD0B2929-555F-4ADE-91DE-751B516F5EAE}.Release|x86.Build.0 = Release|Any CPU
	EndGlobalSection
	GlobalSection(SolutionProperties) = preSolution
		HideSolutionNode = FALSE
	EndGlobalSection
EndGlobal
